<?xml version="1.0" encoding="utf-8"?>
<Project ToolsVersion="4.0" xmlns="http://schemas.microsoft.com/developer/msbuild/2003">
  <ItemGroup>
    <Filter Include="Source Files">
      <UniqueIdentifier>{4FC737F1-C7A5-4376-A066-2A32D752A2FF}</UniqueIdentifier>
      <Extensions>cpp;c;cc;cxx;def;odl;idl;hpj;bat;asm;asmx</Extensions>
    </Filter>
    <Filter Include="Header Files">
      <UniqueIdentifier>{93995380-89BD-4b04-88EB-625FBE52EBFB}</UniqueIdentifier>
      <Extensions>h;hh;hpp;hxx;hm;inl;inc;xsd</Extensions>
    </Filter>
    <Filter Include="Resource Files">
      <UniqueIdentifier>{67DA6AB6-F800-4c08-8B7A-83BB121AAD01}</UniqueIdentifier>
      <Extensions>rc;ico;cur;bmp;dlg;rc2;rct;bin;rgs;gif;jpg;jpeg;jpe;resx;tiff;tif;png;wav;mfcribbon-ms</Extensions>
    </Filter>
    <Filter Include="TinyXML">
      <UniqueIdentifier>{7e664caf-f5aa-44e6-864b-40dd7865932d}</UniqueIdentifier>
    </Filter>
    <Filter Include="FtpClient">
      <UniqueIdentifier>{2f6232e1-610a-4ed3-a843-be38d2c103a3}</UniqueIdentifier>
    </Filter>
    <Filter Include="PJRegistry">
      <UniqueIdentifier>{5c6e57eb-93bd-48a5-bba4-331139bd4e02}</UniqueIdentifier>
    </Filter>
  </ItemGroup>
  <ItemGroup>
    <ClInclude Include="CE-DOT.h">
      <Filter>Header Files</Filter>
    </ClInclude>
    <ClInclude Include="stdafx.h">
      <Filter>Header Files</Filter>
    </ClInclude>
    <ClInclude Include="targetver.h">
      <Filter>Header Files</Filter>
    </ClInclude>
    <ClInclude Include="MainFrm.h">
      <Filter>Header Files</Filter>
    </ClInclude>
    <ClInclude Include="CE-DOTDoc.h">
      <Filter>Header Files</Filter>
    </ClInclude>
    <ClInclude Include="CMainFormView.h">
      <Filter>Header Files</Filter>
    </ClInclude>
    <ClInclude Include="Resource.h">
      <Filter>Header Files</Filter>
    </ClInclude>
    <ClInclude Include="FileView.h">
      <Filter>Header Files</Filter>
    </ClInclude>
    <ClInclude Include="ViewTree.h">
      <Filter>Header Files</Filter>
    </ClInclude>
    <ClInclude Include="OutputWnd.h">
      <Filter>Header Files</Filter>
    </ClInclude>
    <ClInclude Include="tinyxml\tinyxml.h">
      <Filter>TinyXML</Filter>
    </ClInclude>
    <ClInclude Include="tinyxml\tinystr.h">
      <Filter>TinyXML</Filter>
    </ClInclude>
    <ClInclude Include="FtpSetting.h">
      <Filter>Header Files</Filter>
    </ClInclude>
    <ClInclude Include="SqlSetting.h">
      <Filter>Header Files</Filter>
    </ClInclude>
    <ClInclude Include="FtpClient\FTPClient.h">
      <Filter>FtpClient</Filter>
    </ClInclude>
    <ClInclude Include="FtpClient\FTPDataTypes.h">
      <Filter>FtpClient</Filter>
    </ClInclude>
    <ClInclude Include="FtpClient\FTPFileStatus.h">
      <Filter>FtpClient</Filter>
    </ClInclude>
    <ClInclude Include="FtpClient\FTPListParse.h">
      <Filter>FtpClient</Filter>
    </ClInclude>
    <ClInclude Include="FtpClient\smart_ptr.h">
      <Filter>FtpClient</Filter>
    </ClInclude>
    <ClInclude Include="FtpClient\BlockingSocket.h">
      <Filter>FtpClient</Filter>
    </ClInclude>
    <ClInclude Include="FtpClient\Definements.h">
      <Filter>FtpClient</Filter>
    </ClInclude>
    <ClInclude Include="DataParser.h">
      <Filter>Header Files</Filter>
    </ClInclude>
    <ClInclude Include="PJRegistry\PJRegistry.h">
      <Filter>PJRegistry</Filter>
    </ClInclude>
  </ItemGroup>
  <ItemGroup>
    <ClCompile Include="CE-DOT.cpp">
      <Filter>Source Files</Filter>
    </ClCompile>
    <ClCompile Include="stdafx.cpp">
      <Filter>Source Files</Filter>
    </ClCompile>
    <ClCompile Include="MainFrm.cpp">
      <Filter>Source Files</Filter>
    </ClCompile>
    <ClCompile Include="CE-DOTDoc.cpp">
      <Filter>Source Files</Filter>
    </ClCompile>
    <ClCompile Include="CMainFormView.cpp">
      <Filter>Source Files</Filter>
    </ClCompile>
    <ClCompile Include="FileView.cpp">
      <Filter>Source Files</Filter>
    </ClCompile>
    <ClCompile Include="ViewTree.cpp">
      <Filter>Source Files</Filter>
    </ClCompile>
    <ClCompile Include="OutputWnd.cpp">
      <Filter>Source Files</Filter>
    </ClCompile>
    <ClCompile Include="tinyxml\tinystr.cpp">
      <Filter>TinyXML</Filter>
    </ClCompile>
    <ClCompile Include="tinyxml\tinyxml.cpp">
      <Filter>TinyXML</Filter>
    </ClCompile>
    <ClCompile Include="tinyxml\tinyxmlerror.cpp">
      <Filter>TinyXML</Filter>
    </ClCompile>
    <ClCompile Include="tinyxml\tinyxmlparser.cpp">
      <Filter>TinyXML</Filter>
    </ClCompile>
    <ClCompile Include="FtpSetting.cpp">
      <Filter>Source Files</Filter>
    </ClCompile>
    <ClCompile Include="SqlSetting.cpp">
      <Filter>Source Files</Filter>
    </ClCompile>
    <ClCompile Include="FtpClient\FTPDataTypes.cpp">
      <Filter>FtpClient</Filter>
    </ClCompile>
    <ClCompile Include="FtpClient\FTPFileStatus.cpp">
      <Filter>FtpClient</Filter>
    </ClCompile>
    <ClCompile Include="FtpClient\FTPListParse.cpp">
      <Filter>FtpClient</Filter>
    </ClCompile>
    <ClCompile Include="FtpClient\BlockingSocket.cpp">
      <Filter>FtpClient</Filter>
    </ClCompile>
    <ClCompile Include="FtpClient\FTPClient.cpp">
      <Filter>FtpClient</Filter>
    </ClCompile>
    <ClCompile Include="DataParser.cpp">
      <Filter>Source Files</Filter>
    </ClCompile>
    <ClCompile Include="PJRegistry\PJRegistry.cpp">
      <Filter>PJRegistry</Filter>
    </ClCompile>
  </ItemGroup>
  <ItemGroup>
    <ResourceCompile Include="CE-DOT.rc">
      <Filter>Resource Files</Filter>
    </ResourceCompile>
  </ItemGroup>
  <ItemGroup>
    <Image Include="res\file_view.ico">
      <Filter>Resource Files</Filter>
    </Image>
    <Image Include="res\file_view_hc.ico">
      <Filter>Resource Files</Filter>
    </Image>
    <Image Include="res\class_view.ico">
      <Filter>Resource Files</Filter>
    </Image>
    <Image Include="res\class_view_hc.ico">
      <Filter>Resource Files</Filter>
    </Image>
    <Image Include="res\fileview.bmp">
      <Filter>Resource Files</Filter>
    </Image>
    <Image Include="res\fileview_hc.bmp">
      <Filter>Resource Files</Filter>
    </Image>
    <Image Include="res\classview.bmp">
      <Filter>Resource Files</Filter>
    </Image>
    <Image Include="res\classview_hc.bmp">
      <Filter>Resource Files</Filter>
    </Image>
    <Image Include="res\explorer.bmp">
      <Filter>Resource Files</Filter>
    </Image>
    <Image Include="res\explorer_hc.bmp">
      <Filter>Resource Files</Filter>
    </Image>
    <Image Include="res\sort.bmp">
      <Filter>Resource Files</Filter>
    </Image>
    <Image Include="res\sort_hc.bmp">
      <Filter>Resource Files</Filter>
    </Image>
    <Image Include="res\menuimages.bmp">
      <Filter>Resource Files</Filter>
    </Image>
    <Image Include="res\menuimages_hc.bmp">
      <Filter>Resource Files</Filter>
    </Image>
    <Image Include="res\output_wnd.ico">
      <Filter>Resource Files</Filter>
    </Image>
    <Image Include="res\output_wnd_hc.ico">
      <Filter>Resource Files</Filter>
    </Image>
    <Image Include="UserImages.bmp">
      <Filter>Resource Files</Filter>
    </Image>
    <Image Include="res\CE-DOTDoc.ico">
      <Filter>Resource Files</Filter>
    </Image>
    <Image Include="res\CE-DOT.ico">
      <Filter>Resource Files</Filter>
    </Image>
    <Image Include="res\Toolbar.bmp">
      <Filter>Resource Files</Filter>
    </Image>
    <Image Include="res\Toolbar256.bmp">
      <Filter>Resource Files</Filter>
    </Image>
  </ItemGroup>
  <ItemGroup>
    <None Include="res\CEDOT.rc2">
      <Filter>Resource Files</Filter>
    </None>
  </ItemGroup>
</Project>